{
  "requires": true,
  "lockfileVersion": 1,
  "dependencies": {
    "@playwright/test": {
      "version": "1.48.1",
      "resolved": "https://registry.npmjs.org/@playwright/test/-/test-1.48.1.tgz",
      "integrity": "sha512-s9RtWoxkOLmRJdw3oFvhFbs9OJS0BzrLUc8Hf6l2UdCNd1rqeEyD4BhCJkvzeEoD1FsK4mirsWwGerhVmYKtZg==",
      "dev": true,
      "requires": {
        "playwright": "1.48.1"
      },
      "dependencies": {
        "playwright": {
          "version": "1.48.1",
          "resolved": "https://registry.npmjs.org/playwright/-/playwright-1.48.1.tgz",
          "integrity": "sha512-j8CiHW/V6HxmbntOfyB4+T/uk08tBy6ph0MpBXwuoofkSnLmlfdYNNkFTYD6ofzzlSqLA1fwH4vwvVFvJgLN0w==",
          "dev": true,
          "requires": {
            "fsevents": "2.3.2",
            "playwright-core": "1.48.1"
          }
        }
      }
    },
    "@types/node": {
      "version": "22.7.5",
      "resolved": "https://registry.npmjs.org/@types/node/-/node-22.7.5.tgz",
      "integrity": "sha512-jML7s2NAzMWc//QSJ1a3prpk78cOPchGvXJsC3C6R6PSMoooztvRVQEz89gmBTBY1SPMaqo5teB4uNHPdetShQ==",
      "dev": true,
      "requires": {
        "undici-types": "~6.19.2"
      }
    },
    "allure-js-commons": {
      "version": "2.0.0-beta.19",
      "resolved": "https://registry.npmjs.org/allure-js-commons/-/allure-js-commons-2.0.0-beta.19.tgz",
      "integrity": "sha512-sgt7TnU7s8QIzEOmLFO0T5ih4W2YbLrcsL1ElO7WN/dPzIww4G1BBJQDK98VCS+cG5qIljBYRuJ+rtzKWgtM8A==",
      "dev": true,
      "requires": {
        "mkdirp": "^1.0.4",
        "properties": "^1.2.1",
        "uuid": "^8.3.0"
      }
    },
    "allure-playwright": {
      "version": "2.0.0-beta.19",
      "resolved": "https://registry.npmjs.org/allure-playwright/-/allure-playwright-2.0.0-beta.19.tgz",
      "integrity": "sha512-TMSZToE0oPXz0qfH1cMaO5kcMrV8GkSlM1650Hk9dwpR/ldH2zx23/E7l1f77Elpqp/bGNyekjXNhYSx9ihCVg==",
      "dev": true,
      "requires": {
        "allure-js-commons": "2.0.0-beta.19"
      }
    },
    "csv-parser": {
      "version": "3.0.0",
      "resolved": "https://registry.npmjs.org/csv-parser/-/csv-parser-3.0.0.tgz",
      "integrity": "sha512-s6OYSXAK3IdKqYO33y09jhypG/bSDHPuyCme/IdEHfWpLf/jKcpitVFyOC6UemgGk8v7Q5u2XE0vvwmanxhGlQ==",
      "requires": {
        "minimist": "^1.2.0"
      }
    },
    "fsevents": {
      "version": "2.3.2",
      "resolved": "https://registry.npmjs.org/fsevents/-/fsevents-2.3.2.tgz",
      "integrity": "sha512-xiqMQR4xAeHTuB9uWm+fFRcIOgKBMiOBP+eXiyT7jsgVCq1bkVygt00oASowB7EdtpOHaaPgKt812P9ab+DDKA==",
      "dev": true,
      "optional": true
    },
    "minimist": {
      "version": "1.2.8",
      "resolved": "https://registry.npmjs.org/minimist/-/minimist-1.2.8.tgz",
      "integrity": "sha512-2yyAR8qBkN3YuheJanUpWC5U3bb5osDywNB8RzDVlDwDHbocAJveqqj1u8+SVD7jkWT4yvsHCpWqqWqAxb0zCA=="
    },
    "mkdirp": {
      "version": "1.0.4",
      "resolved": "https://registry.npmjs.org/mkdirp/-/mkdirp-1.0.4.tgz",
      "integrity": "sha512-vVqVZQyf3WLx2Shd0qJ9xuvqgAyKPLAiqITEtqW0oIUjzo3PePDd6fW9iFz30ef7Ysp/oiWqbhszeGWW2T6Gzw==",
      "dev": true
    },
    "playwright-core": {
      "version": "1.48.1",
      "resolved": "https://registry.npmjs.org/playwright-core/-/playwright-core-1.48.1.tgz",
      "integrity": "sha512-Yw/t4VAFX/bBr1OzwCuOMZkY1Cnb4z/doAFSwf4huqAGWmf9eMNjmK7NiOljCdLmxeRYcGPPmcDgU0zOlzP0YA==",
      "dev": true
    },
    "properties": {
      "version": "1.2.1",
      "resolved": "https://registry.npmjs.org/properties/-/properties-1.2.1.tgz",
      "integrity": "sha512-qYNxyMj1JeW54i/EWEFsM1cVwxJbtgPp8+0Wg9XjNaK6VE/c4oRi6PNu5p7w1mNXEIQIjV5Wwn8v8Gz82/QzdQ==",
      "dev": true
    },
    "undici-types": {
      "version": "6.19.8",
      "resolved": "https://registry.npmjs.org/undici-types/-/undici-types-6.19.8.tgz",
      "integrity": "sha512-ve2KP6f/JnbPBFyobGHuerC9g1FYGn/F8n1LWTwNxCEzd6IfqTwUQcNXgEtmmQ6DlRrC1hrSrBnCZPokRrDHjw==",
      "dev": true
    },
    "uuid": {
      "version": "8.3.2",
      "resolved": "https://registry.npmjs.org/uuid/-/uuid-8.3.2.tgz",
      "integrity": "sha512-+NYs2QeMWy+GWFOEm9xnn6HCDp0l7QBD7ml8zLUmJ+93Q5NF0NocErnwkTkXVFNiX3/fpC6afS8Dhb/gz7R7eg==",
      "dev": true
    }
  }
}
